
Microsoft Visual Studio Solution File, Format Version 12.00
# Visual Studio Version 17
VisualStudioVersion = 17.13.35931.197 d17.13
MinimumVisualStudioVersion = 10.0.40219.1
Project("{FAE04EC0-301F-11D3-BF4B-00C04F79EFBC}") = "Milo.Core", "Milo.Core.csproj", "{5935F018-F61E-4B1C-B99A-0B183912D99A}"
EndProject
Global
	GlobalSection(SolutionConfigurationPlatforms) = preSolution
		Debug|Any CPU = Debug|Any CPU
		Release|Any CPU = Release|Any CPU
	EndGlobalSection
	GlobalSection(ProjectConfigurationPlatforms) = postSolution
		{5935F018-F61E-4B1C-B99A-0B183912D99A}.Debug|Any CPU.ActiveCfg = Debug|Any CPU
		{5935F018-F61E-4B1C-B99A-0B183912D99A}.Debug|Any CPU.Build.0 = Debug|Any CPU
		{5935F018-F61E-4B1C-B99A-0B183912D99A}.Release|Any CPU.ActiveCfg = Release|Any CPU
		{5935F018-F61E-4B1C-B99A-0B183912D99A}.Release|Any CPU.Build.0 = Release|Any CPU
	EndGlobalSection
	GlobalSection(SolutionProperties) = preSolution
		HideSolutionNode = FALSE
	EndGlobalSection
	GlobalSection(ExtensibilityGlobals) = postSolution
		SolutionGuid = {C12C86DC-E107-4FF6-B2F2-8C115B7E9EFB}
	EndGlobalSection
EndGlobal
