
Microsoft Visual Studio Solution File, Format Version 12.00
# Visual Studio Version 17
VisualStudioVersion = 17.13.35931.197
MinimumVisualStudioVersion = 10.0.40219.1
Project("{FAE04EC0-301F-11D3-BF4B-00C04F79EFBC}") = "Milo.Core.MAUI", "Milo.Core.MAUI\Milo.Core.MAUI.csproj", "{1BAB23F2-92CB-D34B-F1AA-8764BC40D2D1}"
EndProject
Project("{FAE04EC0-301F-11D3-BF4B-00C04F79EFBC}") = "Milo.Core", "Milo.Core\Milo.Core.csproj", "{7A7CF376-7C26-49DA-8BCA-EB5E9B6EC661}"
EndProject
Global
	GlobalSection(SolutionConfigurationPlatforms) = preSolution
		Debug|Any CPU = Debug|Any CPU
		Release|Any CPU = Release|Any CPU
	EndGlobalSection
	GlobalSection(ProjectConfigurationPlatforms) = postSolution
		{1BAB23F2-92CB-D34B-F1AA-8764BC40D2D1}.Debug|Any CPU.ActiveCfg = Debug|Any CPU
		{1BAB23F2-92CB-D34B-F1AA-8764BC40D2D1}.Debug|Any CPU.Build.0 = Debug|Any CPU
		{1BAB23F2-92CB-D34B-F1AA-8764BC40D2D1}.Release|Any CPU.ActiveCfg = Release|Any CPU
		{1BAB23F2-92CB-D34B-F1AA-8764BC40D2D1}.Release|Any CPU.Build.0 = Release|Any CPU
		{7A7CF376-7C26-49DA-8BCA-EB5E9B6EC661}.Debug|Any CPU.ActiveCfg = Debug|Any CPU
		{7A7CF376-7C26-49DA-8BCA-EB5E9B6EC661}.Debug|Any CPU.Build.0 = Debug|Any CPU
		{7A7CF376-7C26-49DA-8BCA-EB5E9B6EC661}.Release|Any CPU.ActiveCfg = Release|Any CPU
		{7A7CF376-7C26-49DA-8BCA-EB5E9B6EC661}.Release|Any CPU.Build.0 = Release|Any CPU
	EndGlobalSection
	GlobalSection(SolutionProperties) = preSolution
		HideSolutionNode = FALSE
	EndGlobalSection
	GlobalSection(ExtensibilityGlobals) = postSolution
		SolutionGuid = {C12C86DC-E107-4FF6-B2F2-8C115B7E9EFB}
	EndGlobalSection
EndGlobal
