
Microsoft Visual Studio Solution File, Format Version 12.00
# Visual Studio Version 17
VisualStudioVersion = 17.13.35931.197
MinimumVisualStudioVersion = 10.0.40219.1
Project("{FAE04EC0-301F-11D3-BF4B-00C04F79EFBC}") = "Milo.Controls,MAUI", "..\..\Milo.Controls\src\Milo.Controls.MAUI\Milo.Controls,MAUI.csproj", "{B62D4E56-9D21-EB60-47B6-11395D82BBCB}"
EndProject
Project("{FAE04EC0-301F-11D3-BF4B-00C04F79EFBC}") = "Milo.Controls.WPF", "..\..\Milo.Controls\src\Milo.Controls.WPF\Milo.Controls.WPF.csproj", "{1836E224-55D2-4859-A4EF-98EC9CBE33CF}"
EndProject
Global
	GlobalSection(SolutionConfigurationPlatforms) = preSolution
		Debug|Any CPU = Debug|Any CPU
		Release|Any CPU = Release|Any CPU
	EndGlobalSection
	GlobalSection(ProjectConfigurationPlatforms) = postSolution
		{B62D4E56-9D21-EB60-47B6-11395D82BBCB}.Debug|Any CPU.ActiveCfg = Debug|Any CPU
		{B62D4E56-9D21-EB60-47B6-11395D82BBCB}.Debug|Any CPU.Build.0 = Debug|Any CPU
		{B62D4E56-9D21-EB60-47B6-11395D82BBCB}.Release|Any CPU.ActiveCfg = Release|Any CPU
		{B62D4E56-9D21-EB60-47B6-11395D82BBCB}.Release|Any CPU.Build.0 = Release|Any CPU
		{1836E224-55D2-4859-A4EF-98EC9CBE33CF}.Debug|Any CPU.ActiveCfg = Debug|Any CPU
		{1836E224-55D2-4859-A4EF-98EC9CBE33CF}.Debug|Any CPU.Build.0 = Debug|Any CPU
		{1836E224-55D2-4859-A4EF-98EC9CBE33CF}.Release|Any CPU.ActiveCfg = Release|Any CPU
		{1836E224-55D2-4859-A4EF-98EC9CBE33CF}.Release|Any CPU.Build.0 = Release|Any CPU
	EndGlobalSection
	GlobalSection(SolutionProperties) = preSolution
		HideSolutionNode = FALSE
	EndGlobalSection
	GlobalSection(ExtensibilityGlobals) = postSolution
		SolutionGuid = {C12C86DC-E107-4FF6-B2F2-8C115B7E9EFB}
	EndGlobalSection
EndGlobal
